{
  "name": "backend",
  "version": "1.0.0",
  "lockfileVersion": 3,
  "requires": true,
  "packages": {
    "": {
      "name": "backend",
      "version": "1.0.0",
      "license": "ISC",
      "dependencies": {
        "figlet": "^1.7.0",
        "generate-random-word": "^1.0.1"
      },
      "devDependencies": {}
    },
    "../../../AppData/Roaming/npm/node_modules/figlet": {
      "version": "1.7.0",
      "extraneous": true,
      "license": "MIT",
      "bin": {
        "figlet": "bin/index.js"
      },
      "devDependencies": {
        "async": "~3.2.4",
        "grunt": "^1.6.1",
        "grunt-contrib-clean": "~2.0.1",
        "grunt-contrib-jshint": "^3.2.0",
        "grunt-contrib-nodeunit": "~5.0.0",
        "grunt-contrib-uglify": "^5.2.2",
        "husky": "^8.0.3",
        "lint-staged": "^13.2.1",
        "prettier": "2.8.7"
      },
      "engines": {
        "node": ">= 0.4.0"
      }
    },
    "node_modules/figlet": {
      "version": "1.7.0",
      "resolved": "https://registry.npmjs.org/figlet/-/figlet-1.7.0.tgz",
      "integrity": "sha512-gO8l3wvqo0V7wEFLXPbkX83b7MVjRrk1oRLfYlZXol8nEpb/ON9pcKLI4qpBv5YtOTfrINtqb7b40iYY2FTWFg==",
      "bin": {
        "figlet": "bin/index.js"
      },
      "engines": {
        "node": ">= 0.4.0"
      }
    },
    "node_modules/generate-random-word": {
      "version": "1.0.1",
      "resolved": "https://registry.npmjs.org/generate-random-word/-/generate-random-word-1.0.1.tgz",
      "integrity": "sha512-HFix+f7vz+TT5DjvVFSZj4LuM5h8ba559fiLSH65kRAnX65If5OQBYzyUdWvMzAV2lorlK1zg3vy1Sv2ZgmwTw==",
      "dependencies": {
        "generate-random-word": "^1.0.0"
      }
    }
  }
}
